{
  "name": "news-feed",
  "version": "1.0.0",
  "lockfileVersion": 1,
  "requires": true,
  "dependencies": {
    "simple-array-shuffler": {
      "version": "0.0.5",
      "resolved": "https://registry.npmjs.org/simple-array-shuffler/-/simple-array-shuffler-0.0.5.tgz",
      "integrity": "sha512-wKzt1w87x9QBVW6AAWCIHmlZK59XMwTQL9xeQ4Tp1bSyAxmLAfFeXB0D/RlrFwQY8YLv3EFRc1OYr/BWDHIAuw=="
    },
    "simple-lambda-actions": {
      "version": "1.2.60",
      "resolved": "https://registry.npmjs.org/simple-lambda-actions/-/simple-lambda-actions-1.2.60.tgz",
      "integrity": "sha512-Sk3O5IBd+pcldhgoey7j5vMm8a9IiT3u/w71bmWhW29rEueg6XJnxOfSunpzrkvfK9Ade/abLytVKZhFgDtXGA=="
    }
  }
}
